
Microsoft Visual Studio Solution File, Format Version 12.00
# Visual Studio 15
VisualStudioVersion = 15.0.27130.2010
MinimumVisualStudioVersion = 10.0.40219.1
Project("{FAE04EC0-301F-11D3-BF4B-00C04F79EFBC}") = "Learning C - Birthday", "ConsoleApp\Learning C - Birthday.csproj", "{A935ABEB-5DF1-4BDF-91E0-073991B78FDF}"
EndProject
Global
	GlobalSection(SolutionConfigurationPlatforms) = preSolution
		Debug|Any CPU = Debug|Any CPU
		Release|Any CPU = Release|Any CPU
	EndGlobalSection
	GlobalSection(ProjectConfigurationPlatforms) = postSolution
		{A935ABEB-5DF1-4BDF-91E0-073991B78FDF}.Debug|Any CPU.ActiveCfg = Debug|Any CPU
		{A935ABEB-5DF1-4BDF-91E0-073991B78FDF}.Debug|Any CPU.Build.0 = Debug|Any CPU
		{A935ABEB-5DF1-4BDF-91E0-073991B78FDF}.Release|Any CPU.ActiveCfg = Release|Any CPU
		{A935ABEB-5DF1-4BDF-91E0-073991B78FDF}.Release|Any CPU.Build.0 = Release|Any CPU
	EndGlobalSection
	GlobalSection(SolutionProperties) = preSolution
		HideSolutionNode = FALSE
	EndGlobalSection
	GlobalSection(ExtensibilityGlobals) = postSolution
		SolutionGuid = {2657A6A8-310C-4D50-AA47-2CDAD9A3AD88}
	EndGlobalSection
EndGlobal
